
Microsoft Visual Studio Solution File, Format Version 12.00
# Visual Studio Version 16
VisualStudioVersion = 16.0.30011.22
MinimumVisualStudioVersion = 10.0.40219.1
Project("{FAE04EC0-301F-11D3-BF4B-00C04F79EFBC}") = "Proiect3", "Proiect3\Proiect3.csproj", "{05C1ED6D-D3FE-4DED-84C9-B75586214BB9}"
EndProject
Global
	GlobalSection(SolutionConfigurationPlatforms) = preSolution
		Debug|Any CPU = Debug|Any CPU
		Release|Any CPU = Release|Any CPU
	EndGlobalSection
	GlobalSection(ProjectConfigurationPlatforms) = postSolution
		{05C1ED6D-D3FE-4DED-84C9-B75586214BB9}.Debug|Any CPU.ActiveCfg = Debug|Any CPU
		{05C1ED6D-D3FE-4DED-84C9-B75586214BB9}.Debug|Any CPU.Build.0 = Debug|Any CPU
		{05C1ED6D-D3FE-4DED-84C9-B75586214BB9}.Release|Any CPU.ActiveCfg = Release|Any CPU
		{05C1ED6D-D3FE-4DED-84C9-B75586214BB9}.Release|Any CPU.Build.0 = Release|Any CPU
	EndGlobalSection
	GlobalSection(SolutionProperties) = preSolution
		HideSolutionNode = FALSE
	EndGlobalSection
	GlobalSection(ExtensibilityGlobals) = postSolution
		SolutionGuid = {E47FC7A9-9B34-4B45-BDF3-105380D4D11F}
	EndGlobalSection
EndGlobal
